// !$*UTF8*$!
{
	archiveVersion = 1;
	classes = {
	};
	objectVersion = 50;
	objects = {

/* Begin PBXBuildFile section */
		A778037226EE226600976934 /* AppDelegate.swift in Sources */ = {isa = PBXBuildFile; fileRef = A778037126EE226600976934 /* AppDelegate.swift */; };
		A778037426EE226600976934 /* SceneDelegate.swift in Sources */ = {isa = PBXBuildFile; fileRef = A778037326EE226600976934 /* SceneDelegate.swift */; };
		A778037626EE226600976934 /* ViewController.swift in Sources */ = {isa = PBXBuildFile; fileRef = A778037526EE226600976934 /* ViewController.swift */; };
		A778037926EE226600976934 /* Main.storyboard in Resources */ = {isa = PBXBuildFile; fileRef = A778037726EE226600976934 /* Main.storyboard */; };
		A778037B26EE226800976934 /* Assets.xcassets in Resources */ = {isa = PBXBuildFile; fileRef = A778037A26EE226800976934 /* Assets.xcassets */; };
		A778037E26EE226800976934 /* LaunchScreen.storyboard in Resources */ = {isa = PBXBuildFile; fileRef = A778037C26EE226800976934 /* LaunchScreen.storyboard */; };
		A778038626EE308400976934 /* SellectViewController.swift in Sources */ = {isa = PBXBuildFile; fileRef = A778038526EE308400976934 /* SellectViewController.swift */; };
		A778038826EE357900976934 /* MemberSetViewController.swift in Sources */ = {isa = PBXBuildFile; fileRef = A778038726EE357900976934 /* MemberSetViewController.swift */; };
		A7AF14262715E85700F40F4F /* RuleViewController.swift in Sources */ = {isa = PBXBuildFile; fileRef = A7AF14252715E85700F40F4F /* RuleViewController.swift */; };
/* End PBXBuildFile section */

/* Begin PBXFileReference section */
		A778036E26EE226600976934 /* wordwolf.app */ = {isa = PBXFileReference; explicitFileType = wrapper.application; includeInIndex = 0; path = wordwolf.app; sourceTree = BUILT_PRODUCTS_DIR; };
		A778037126EE226600976934 /* AppDelegate.swift */ = {isa = PBXFileReference; lastKnownFileType = sourcecode.swift; path = AppDelegate.swift; sourceTree = "<group>"; };
		A778037326EE226600976934 /* SceneDelegate.swift */ = {isa = PBXFileReference; lastKnownFileType = sourcecode.swift; path = SceneDelegate.swift; sourceTree = "<group>"; };
		A778037526EE226600976934 /* ViewController.swift */ = {isa = PBXFileReference; lastKnownFileType = sourcecode.swift; path = ViewController.swift; sourceTree = "<group>"; };
		A778037826EE226600976934 /* Base */ = {isa = PBXFileReference; lastKnownFileType = file.storyboard; name = Base; path = Base.lproj/Main.storyboard; sourceTree = "<group>"; };
		A778037A26EE226800976934 /* Assets.xcassets */ = {isa = PBXFileReference; lastKnownFileType = folder.assetcatalog; path = Assets.xcassets; sourceTree = "<group>"; };
		A778037D26EE226800976934 /* Base */ = {isa = PBXFileReference; lastKnownFileType = file.storyboard; name = Base; path = Base.lproj/LaunchScreen.storyboard; sourceTree = "<group>"; };
		A778037F26EE226800976934 /* Info.plist */ = {isa = PBXFileReference; lastKnownFileType = text.plist.xml; path = Info.plist; sourceTree = "<group>"; };
		A778038526EE308400976934 /* SellectViewController.swift */ = {isa = PBXFileReference; lastKnownFileType = sourcecode.swift; path = SellectViewController.swift; sourceTree = "<group>"; };
		A778038726EE357900976934 /* MemberSetViewController.swift */ = {isa = PBXFileReference; lastKnownFileType = sourcecode.swift; path = MemberSetViewController.swift; sourceTree = "<group>"; };
		A7AF14252715E85700F40F4F /* RuleViewController.swift */ = {isa = PBXFileReference; lastKnownFileType = sourcecode.swift; path = RuleViewController.swift; sourceTree = "<group>"; };
/* End PBXFileReference section */

/* Begin PBXFrameworksBuildPhase section */
		A778036B26EE226600976934 /* Frameworks */ = {
			isa = PBXFrameworksBuildPhase;
			buildActionMask = 2147483647;
			files = (
			);
			runOnlyForDeploymentPostprocessing = 0;
		};
/* End PBXFrameworksBuildPhase section */

/* Begin PBXGroup section */
		A778036526EE226600976934 = {
			isa = PBXGroup;
			children = (
				A778037026EE226600976934 /* wordwolf */,
				A778036F26EE226600976934 /* Products */,
			);
			sourceTree = "<group>";
		};
		A778036F26EE226600976934 /* Products */ = {
			isa = PBXGroup;
			children = (
				A778036E26EE226600976934 /* wordwolf.app */,
			);
			name = Products;
			sourceTree = "<group>";
		};
		A778037026EE226600976934 /* wordwolf */ = {
			isa = PBXGroup;
			children = (
				A7AF14252715E85700F40F4F /* RuleViewController.swift */,
				A778037126EE226600976934 /* AppDelegate.swift */,
				A778037326EE226600976934 /* SceneDelegate.swift */,
				A778037526EE226600976934 /* ViewController.swift */,
				A778037726EE226600976934 /* Main.storyboard */,
				A778037A26EE226800976934 /* Assets.xcassets */,
				A778037C26EE226800976934 /* LaunchScreen.storyboard */,
				A778037F26EE226800976934 /* Info.plist */,
				A778038526EE308400976934 /* SellectViewController.swift */,
				A778038726EE357900976934 /* MemberSetViewController.swift */,
			);
			path = wordwolf;
			sourceTree = "<group>";
		};
/* End PBXGroup section */

/* Begin PBXNativeTarget section */
		A778036D26EE226600976934 /* wordwolf */ = {
			isa = PBXNativeTarget;
			buildConfigurationList = A778038226EE226800976934 /* Build configuration list for PBXNativeTarget "wordwolf" */;
			buildPhases = (
				A778036A26EE226600976934 /* Sources */,
				A778036B26EE226600976934 /* Frameworks */,
				A778036C26EE226600976934 /* Resources */,
			);
			buildRules = (
			);
			dependencies = (
			);
			name = wordwolf;
			productName = wordwolf;
			productReference = A778036E26EE226600976934 /* wordwolf.app */;
			productType = "com.apple.product-type.application";
		};
/* End PBXNativeTarget section */

/* Begin PBXProject section */
		A778036626EE226600976934 /* Project object */ = {
			isa = PBXProject;
			attributes = {
				LastSwiftUpdateCheck = 1250;
				LastUpgradeCheck = 1250;
				TargetAttributes = {
					A778036D26EE226600976934 = {
						CreatedOnToolsVersion = 12.5.1;
					};
				};
			};
			buildConfigurationList = A778036926EE226600976934 /* Build configuration list for PBXProject "wordwolf" */;
			compatibilityVersion = "Xcode 9.3";
			developmentRegion = en;
			hasScannedForEncodings = 0;
			knownRegions = (
				en,
				Base,
			);
			mainGroup = A778036526EE226600976934;
			productRefGroup = A778036F26EE226600976934 /* Products */;
			projectDirPath = "";
			projectRoot = "";
			targets = (
				A778036D26EE226600976934 /* wordwolf */,
			);
		};
/* End PBXProject section */

/* Begin PBXResourcesBuildPhase section */
		A778036C26EE226600976934 /* Resources */ = {
			isa = PBXResourcesBuildPhase;
			buildActionMask = 2147483647;
			files = (
				A778037E26EE226800976934 /* LaunchScreen.storyboard in Resources */,
				A778037B26EE226800976934 /* Assets.xcassets in Resources */,
				A778037926EE226600976934 /* Main.storyboard in Resources */,
			);
			runOnlyForDeploymentPostprocessing = 0;
		};
/* End PBXResourcesBuildPhase section */

/* Begin PBXSourcesBuildPhase section */
		A778036A26EE226600976934 /* Sources */ = {
			isa = PBXSourcesBuildPhase;
			buildActionMask = 2147483647;
			files = (
				A778038826EE357900976934 /* MemberSetViewController.swift in Sources */,
				A778037626EE226600976934 /* ViewController.swift in Sources */,
				A7AF14262715E85700F40F4F /* RuleViewController.swift in Sources */,
				A778038626EE308400976934 /* SellectViewController.swift in Sources */,
				A778037226EE226600976934 /* AppDelegate.swift in Sources */,
				A778037426EE226600976934 /* SceneDelegate.swift in Sources */,
			);
			runOnlyForDeploymentPostprocessing = 0;
		};
/* End PBXSourcesBuildPhase section */

/* Begin PBXVariantGroup section */
		A778037726EE226600976934 /* Main.storyboard */ = {
			isa = PBXVariantGroup;
			children = (
				A778037826EE226600976934 /* Base */,
			);
			name = Main.storyboard;
			sourceTree = "<group>";
		};
		A778037C26EE226800976934 /* LaunchScreen.storyboard */ = {
			isa = PBXVariantGroup;
			children = (
				A778037D26EE226800976934 /* Base */,
			);
			name = LaunchScreen.storyboard;
			sourceTree = "<group>";
		};
/* End PBXVariantGroup section */

/* Begin XCBuildConfiguration section */
		A778038026EE226800976934 /* Debug */ = {
			isa = XCBuildConfiguration;
			buildSettings = {
				ALWAYS_SEARCH_USER_PATHS = NO;
				CLANG_ANALYZER_NONNULL = YES;
				CLANG_ANALYZER_NUMBER_OBJECT_CONVERSION = YES_AGGRESSIVE;
				CLANG_CXX_LANGUAGE_STANDARD = "gnu++14";
				CLANG_CXX_LIBRARY = "libc++";
				CLANG_ENABLE_MODULES = YES;
				CLANG_ENABLE_OBJC_ARC = YES;
				CLANG_ENABLE_OBJC_WEAK = YES;
				CLANG_WARN_BLOCK_CAPTURE_AUTORELEASING = YES;
				CLANG_WARN_BOOL_CONVERSION = YES;
				CLANG_WARN_COMMA = YES;
				CLANG_WARN_CONSTANT_CONVERSION = YES;
				CLANG_WARN_DEPRECATED_OBJC_IMPLEMENTATIONS = YES;
				CLANG_WARN_DIRECT_OBJC_ISA_USAGE = YES_ERROR;
				CLANG_WARN_DOCUMENTATION_COMMENTS = YES;
				CLANG_WARN_EMPTY_BODY = YES;
				CLANG_WARN_ENUM_CONVERSION = YES;
				CLANG_WARN_INFINITE_RECURSION = YES;
				CLANG_WARN_INT_CONVERSION = YES;
				CLANG_WARN_NON_LITERAL_NULL_CONVERSION = YES;
				CLANG_WARN_OBJC_IMPLICIT_RETAIN_SELF = YES;
				CLANG_WARN_OBJC_LITERAL_CONVERSION = YES;
				CLANG_WARN_OBJC_ROOT_CLASS = YES_ERROR;
				CLANG_WARN_QUOTED_INCLUDE_IN_FRAMEWORK_HEADER = YES;
				CLANG_WARN_RANGE_LOOP_ANALYSIS = YES;
				CLANG_WARN_STRICT_PROTOTYPES = YES;
				CLANG_WARN_SUSPICIOUS_MOVE = YES;
				CLANG_WARN_UNGUARDED_AVAILABILITY = YES_AGGRESSIVE;
				CLANG_WARN_UNREACHABLE_CODE = YES;
				CLANG_WARN__DUPLICATE_METHOD_MATCH = YES;
				COPY_PHASE_STRIP = NO;
				DEBUG_INFORMATION_FORMAT = dwarf;
				ENABLE_STRICT_OBJC_MSGSEND = YES;
				ENABLE_TESTABILITY = YES;
				GCC_C_LANGUAGE_STANDARD = gnu11;
				GCC_DYNAMIC_NO_PIC = NO;
				GCC_NO_COMMON_BLOCKS = YES;
				GCC_OPTIMIZATION_LEVEL = 0;
				GCC_PREPROCESSOR_DEFINITIONS = (
					"DEBUG=1",
					"$(inherited)",
				);
				GCC_WARN_64_TO_32_BIT_CONVERSION = YES;
				GCC_WARN_ABOUT_RETURN_TYPE = YES_ERROR;
				GCC_WARN_UNDECLARED_SELECTOR = YES;
				GCC_WARN_UNINITIALIZED_AUTOS = YES_AGGRESSIVE;
				GCC_WARN_UNUSED_FUNCTION = YES;
				GCC_WARN_UNUSED_VARIABLE = YES;
				IPHONEOS_DEPLOYMENT_TARGET = 14.5;
				MTL_ENABLE_DEBUG_INFO = INCLUDE_SOURCE;
				MTL_FAST_MATH = YES;
				ONLY_ACTIVE_ARCH = YES;
				SDKROOT = iphoneos;
				SWIFT_ACTIVE_COMPILATION_CONDITIONS = DEBUG;
				SWIFT_OPTIMIZATION_LEVEL = "-Onone";
			};
			name = Debug;
		};
		A778038126EE226800976934 /* Release */ = {
			isa = XCBuildConfiguration;
			buildSettings = {
				ALWAYS_SEARCH_USER_PATHS = NO;
				CLANG_ANALYZER_NONNULL = YES;
				CLANG_ANALYZER_NUMBER_OBJECT_CONVERSION = YES_AGGRESSIVE;
				CLANG_CXX_LANGUAGE_STANDARD = "gnu++14";
				CLANG_CXX_LIBRARY = "libc++";
				CLANG_ENABLE_MODULES = YES;
				CLANG_ENABLE_OBJC_ARC = YES;
				CLANG_ENABLE_OBJC_WEAK = YES;
				CLANG_WARN_BLOCK_CAPTURE_AUTORELEASING = YES;
				CLANG_WARN_BOOL_CONVERSION = YES;
				CLANG_WARN_COMMA = YES;
				CLANG_WARN_CONSTANT_CONVERSION = YES;
				CLANG_WARN_DEPRECATED_OBJC_IMPLEMENTATIONS = YES;
				CLANG_WARN_DIRECT_OBJC_ISA_USAGE = YES_ERROR;
				CLANG_WARN_DOCUMENTATION_COMMENTS = YES;
				CLANG_WARN_EMPTY_BODY = YES;
				CLANG_WARN_ENUM_CONVERSION = YES;
				CLANG_WARN_INFINITE_RECURSION = YES;
				CLANG_WARN_INT_CONVERSION = YES;
				CLANG_WARN_NON_LITERAL_NULL_CONVERSION = YES;
				CLANG_WARN_OBJC_IMPLICIT_RETAIN_SELF = YES;
				CLANG_WARN_OBJC_LITERAL_CONVERSION = YES;
				CLANG_WARN_OBJC_ROOT_CLASS = YES_ERROR;
				CLANG_WARN_QUOTED_INCLUDE_IN_FRAMEWORK_HEADER = YES;
				CLANG_WARN_RANGE_LOOP_ANALYSIS = YES;
				CLANG_WARN_STRICT_PROTOTYPES = YES;
				CLANG_WARN_SUSPICIOUS_MOVE = YES;
				CLANG_WARN_UNGUARDED_AVAILABILITY = YES_AGGRESSIVE;
				CLANG_WARN_UNREACHABLE_CODE = YES;
				CLANG_WARN__DUPLICATE_METHOD_MATCH = YES;
				COPY_PHASE_STRIP = NO;
				DEBUG_INFORMATION_FORMAT = "dwarf-with-dsym";
				ENABLE_NS_ASSERTIONS = NO;
				ENABLE_STRICT_OBJC_MSGSEND = YES;
				GCC_C_LANGUAGE_STANDARD = gnu11;
				GCC_NO_COMMON_BLOCKS = YES;
				GCC_WARN_64_TO_32_BIT_CONVERSION = YES;
				GCC_WARN_ABOUT_RETURN_TYPE = YES_ERROR;
				GCC_WARN_UNDECLARED_SELECTOR = YES;
				GCC_WARN_UNINITIALIZED_AUTOS = YES_AGGRESSIVE;
				GCC_WARN_UNUSED_FUNCTION = YES;
				GCC_WARN_UNUSED_VARIABLE = YES;
				IPHONEOS_DEPLOYMENT_TARGET = 14.5;
				MTL_ENABLE_DEBUG_INFO = NO;
				MTL_FAST_MATH = YES;
				SDKROOT = iphoneos;
				SWIFT_COMPILATION_MODE = wholemodule;
				SWIFT_OPTIMIZATION_LEVEL = "-O";
				VALIDATE_PRODUCT = YES;
			};
			name = Release;
		};
		A778038326EE226800976934 /* Debug */ = {
			isa = XCBuildConfiguration;
			buildSettings = {
				ASSETCATALOG_COMPILER_APPICON_NAME = AppIcon;
				ASSETCATALOG_COMPILER_GLOBAL_ACCENT_COLOR_NAME = AccentColor;
				CODE_SIGN_STYLE = Automatic;
				INFOPLIST_FILE = wordwolf/Info.plist;
				LD_RUNPATH_SEARCH_PATHS = (
					"$(inherited)",
					"@executable_path/Frameworks",
				);
				PRODUCT_BUNDLE_IDENTIFIER = com.oyu.wordwolf;
				PRODUCT_NAME = "$(TARGET_NAME)";
				SWIFT_VERSION = 5.0;
				TARGETED_DEVICE_FAMILY = "1,2";
			};
			name = Debug;
		};
		A778038426EE226800976934 /* Release */ = {
			isa = XCBuildConfiguration;
			buildSettings = {
				ASSETCATALOG_COMPILER_APPICON_NAME = AppIcon;
				ASSETCATALOG_COMPILER_GLOBAL_ACCENT_COLOR_NAME = AccentColor;
				CODE_SIGN_STYLE = Automatic;
				INFOPLIST_FILE = wordwolf/Info.plist;
				LD_RUNPATH_SEARCH_PATHS = (
					"$(inherited)",
					"@executable_path/Frameworks",
				);
				PRODUCT_BUNDLE_IDENTIFIER = com.oyu.wordwolf;
				PRODUCT_NAME = "$(TARGET_NAME)";
				SWIFT_VERSION = 5.0;
				TARGETED_DEVICE_FAMILY = "1,2";
			};
			name = Release;
		};
/* End XCBuildConfiguration section */

/* Begin XCConfigurationList section */
		A778036926EE226600976934 /* Build configuration list for PBXProject "wordwolf" */ = {
			isa = XCConfigurationList;
			buildConfigurations = (
				A778038026EE226800976934 /* Debug */,
				A778038126EE226800976934 /* Release */,
			);
			defaultConfigurationIsVisible = 0;
			defaultConfigurationName = Release;
		};
		A778038226EE226800976934 /* Build configuration list for PBXNativeTarget "wordwolf" */ = {
			isa = XCConfigurationList;
			buildConfigurations = (
				A778038326EE226800976934 /* Debug */,
				A778038426EE226800976934 /* Release */,
			);
			defaultConfigurationIsVisible = 0;
			defaultConfigurationName = Release;
		};
/* End XCConfigurationList section */
	};
	rootObject = A778036626EE226600976934 /* Project object */;
}
